// !$*UTF8*$!
{
	archiveVersion = 1;
	classes = {
	};
	objectVersion = 56;
	objects = {

/* Begin PBXBuildFile section */
		A30E4F6B2B9E3F7200FEC810 /* onboarding_screenApp.swift in Sources */ = {isa = PBXBuildFile; fileRef = A30E4F6A2B9E3F7200FEC810 /* onboarding_screenApp.swift */; };
		A30E4F6D2B9E3F7200FEC810 /* ContentView.swift in Sources */ = {isa = PBXBuildFile; fileRef = A30E4F6C2B9E3F7200FEC810 /* ContentView.swift */; };
		A30E4F6F2B9E3F7400FEC810 /* Assets.xcassets in Resources */ = {isa = PBXBuildFile; fileRef = A30E4F6E2B9E3F7400FEC810 /* Assets.xcassets */; };
		A30E4F722B9E3F7400FEC810 /* Preview Assets.xcassets in Resources */ = {isa = PBXBuildFile; fileRef = A30E4F712B9E3F7400FEC810 /* Preview Assets.xcassets */; };
		A30E4F7C2B9E3F7400FEC810 /* onboarding_screenTests.swift in Sources */ = {isa = PBXBuildFile; fileRef = A30E4F7B2B9E3F7400FEC810 /* onboarding_screenTests.swift */; };
		A30E4F862B9E3F7400FEC810 /* onboarding_screenUITests.swift in Sources */ = {isa = PBXBuildFile; fileRef = A30E4F852B9E3F7400FEC810 /* onboarding_screenUITests.swift */; };
		A30E4F882B9E3F7400FEC810 /* onboarding_screenUITestsLaunchTests.swift in Sources */ = {isa = PBXBuildFile; fileRef = A30E4F872B9E3F7400FEC810 /* onboarding_screenUITestsLaunchTests.swift */; };
/* End PBXBuildFile section */

/* Begin PBXContainerItemProxy section */
		A30E4F782B9E3F7400FEC810 /* PBXContainerItemProxy */ = {
			isa = PBXContainerItemProxy;
			containerPortal = A30E4F5F2B9E3F7200FEC810 /* Project object */;
			proxyType = 1;
			remoteGlobalIDString = A30E4F662B9E3F7200FEC810;
			remoteInfo = onboarding_screen;
		};
		A30E4F822B9E3F7400FEC810 /* PBXContainerItemProxy */ = {
			isa = PBXContainerItemProxy;
			containerPortal = A30E4F5F2B9E3F7200FEC810 /* Project object */;
			proxyType = 1;
			remoteGlobalIDString = A30E4F662B9E3F7200FEC810;
			remoteInfo = onboarding_screen;
		};
/* End PBXContainerItemProxy section */

/* Begin PBXFileReference section */
		A30E4F672B9E3F7200FEC810 /* onboarding_screen.app */ = {isa = PBXFileReference; explicitFileType = wrapper.application; includeInIndex = 0; path = onboarding_screen.app; sourceTree = BUILT_PRODUCTS_DIR; };
		A30E4F6A2B9E3F7200FEC810 /* onboarding_screenApp.swift */ = {isa = PBXFileReference; lastKnownFileType = sourcecode.swift; path = onboarding_screenApp.swift; sourceTree = "<group>"; };
		A30E4F6C2B9E3F7200FEC810 /* ContentView.swift */ = {isa = PBXFileReference; lastKnownFileType = sourcecode.swift; path = ContentView.swift; sourceTree = "<group>"; };
		A30E4F6E2B9E3F7400FEC810 /* Assets.xcassets */ = {isa = PBXFileReference; lastKnownFileType = folder.assetcatalog; path = Assets.xcassets; sourceTree = "<group>"; };
		A30E4F712B9E3F7400FEC810 /* Preview Assets.xcassets */ = {isa = PBXFileReference; lastKnownFileType = folder.assetcatalog; path = "Preview Assets.xcassets"; sourceTree = "<group>"; };
		A30E4F772B9E3F7400FEC810 /* onboarding_screenTests.xctest */ = {isa = PBXFileReference; explicitFileType = wrapper.cfbundle; includeInIndex = 0; path = onboarding_screenTests.xctest; sourceTree = BUILT_PRODUCTS_DIR; };
		A30E4F7B2B9E3F7400FEC810 /* onboarding_screenTests.swift */ = {isa = PBXFileReference; lastKnownFileType = sourcecode.swift; path = onboarding_screenTests.swift; sourceTree = "<group>"; };
		A30E4F812B9E3F7400FEC810 /* onboarding_screenUITests.xctest */ = {isa = PBXFileReference; explicitFileType = wrapper.cfbundle; includeInIndex = 0; path = onboarding_screenUITests.xctest; sourceTree = BUILT_PRODUCTS_DIR; };
		A30E4F852B9E3F7400FEC810 /* onboarding_screenUITests.swift */ = {isa = PBXFileReference; lastKnownFileType = sourcecode.swift; path = onboarding_screenUITests.swift; sourceTree = "<group>"; };
		A30E4F872B9E3F7400FEC810 /* onboarding_screenUITestsLaunchTests.swift */ = {isa = PBXFileReference; lastKnownFileType = sourcecode.swift; path = onboarding_screenUITestsLaunchTests.swift; sourceTree = "<group>"; };
/* End PBXFileReference section */

/* Begin PBXFrameworksBuildPhase section */
		A30E4F642B9E3F7200FEC810 /* Frameworks */ = {
			isa = PBXFrameworksBuildPhase;
			buildActionMask = 2147483647;
			files = (
			);
			runOnlyForDeploymentPostprocessing = 0;
		};
		A30E4F742B9E3F7400FEC810 /* Frameworks */ = {
			isa = PBXFrameworksBuildPhase;
			buildActionMask = 2147483647;
			files = (
			);
			runOnlyForDeploymentPostprocessing = 0;
		};
		A30E4F7E2B9E3F7400FEC810 /* Frameworks */ = {
			isa = PBXFrameworksBuildPhase;
			buildActionMask = 2147483647;
			files = (
			);
			runOnlyForDeploymentPostprocessing = 0;
		};
/* End PBXFrameworksBuildPhase section */

/* Begin PBXGroup section */
		A30E4F5E2B9E3F7200FEC810 = {
			isa = PBXGroup;
			children = (
				A30E4F692B9E3F7200FEC810 /* onboarding_screen */,
				A30E4F7A2B9E3F7400FEC810 /* onboarding_screenTests */,
				A30E4F842B9E3F7400FEC810 /* onboarding_screenUITests */,
				A30E4F682B9E3F7200FEC810 /* Products */,
			);
			sourceTree = "<group>";
		};
		A30E4F682B9E3F7200FEC810 /* Products */ = {
			isa = PBXGroup;
			children = (
				A30E4F672B9E3F7200FEC810 /* onboarding_screen.app */,
				A30E4F772B9E3F7400FEC810 /* onboarding_screenTests.xctest */,
				A30E4F812B9E3F7400FEC810 /* onboarding_screenUITests.xctest */,
			);
			name = Products;
			sourceTree = "<group>";
		};
		A30E4F692B9E3F7200FEC810 /* onboarding_screen */ = {
			isa = PBXGroup;
			children = (
				A30E4F6A2B9E3F7200FEC810 /* onboarding_screenApp.swift */,
				A30E4F6C2B9E3F7200FEC810 /* ContentView.swift */,
				A30E4F6E2B9E3F7400FEC810 /* Assets.xcassets */,
				A30E4F702B9E3F7400FEC810 /* Preview Content */,
			);
			path = onboarding_screen;
			sourceTree = "<group>";
		};
		A30E4F702B9E3F7400FEC810 /* Preview Content */ = {
			isa = PBXGroup;
			children = (
				A30E4F712B9E3F7400FEC810 /* Preview Assets.xcassets */,
			);
			path = "Preview Content";
			sourceTree = "<group>";
		};
		A30E4F7A2B9E3F7400FEC810 /* onboarding_screenTests */ = {
			isa = PBXGroup;
			children = (
				A30E4F7B2B9E3F7400FEC810 /* onboarding_screenTests.swift */,
			);
			path = onboarding_screenTests;
			sourceTree = "<group>";
		};
		A30E4F842B9E3F7400FEC810 /* onboarding_screenUITests */ = {
			isa = PBXGroup;
			children = (
				A30E4F852B9E3F7400FEC810 /* onboarding_screenUITests.swift */,
				A30E4F872B9E3F7400FEC810 /* onboarding_screenUITestsLaunchTests.swift */,
			);
			path = onboarding_screenUITests;
			sourceTree = "<group>";
		};
/* End PBXGroup section */

/* Begin PBXNativeTarget section */
		A30E4F662B9E3F7200FEC810 /* onboarding_screen */ = {
			isa = PBXNativeTarget;
			buildConfigurationList = A30E4F8B2B9E3F7400FEC810 /* Build configuration list for PBXNativeTarget "onboarding_screen" */;
			buildPhases = (
				A30E4F632B9E3F7200FEC810 /* Sources */,
				A30E4F642B9E3F7200FEC810 /* Frameworks */,
				A30E4F652B9E3F7200FEC810 /* Resources */,
			);
			buildRules = (
			);
			dependencies = (
			);
			name = onboarding_screen;
			productName = onboarding_screen;
			productReference = A30E4F672B9E3F7200FEC810 /* onboarding_screen.app */;
			productType = "com.apple.product-type.application";
		};
		A30E4F762B9E3F7400FEC810 /* onboarding_screenTests */ = {
			isa = PBXNativeTarget;
			buildConfigurationList = A30E4F8E2B9E3F7400FEC810 /* Build configuration list for PBXNativeTarget "onboarding_screenTests" */;
			buildPhases = (
				A30E4F732B9E3F7400FEC810 /* Sources */,
				A30E4F742B9E3F7400FEC810 /* Frameworks */,
				A30E4F752B9E3F7400FEC810 /* Resources */,
			);
			buildRules = (
			);
			dependencies = (
				A30E4F792B9E3F7400FEC810 /* PBXTargetDependency */,
			);
			name = onboarding_screenTests;
			productName = onboarding_screenTests;
			productReference = A30E4F772B9E3F7400FEC810 /* onboarding_screenTests.xctest */;
			productType = "com.apple.product-type.bundle.unit-test";
		};
		A30E4F802B9E3F7400FEC810 /* onboarding_screenUITests */ = {
			isa = PBXNativeTarget;
			buildConfigurationList = A30E4F912B9E3F7400FEC810 /* Build configuration list for PBXNativeTarget "onboarding_screenUITests" */;
			buildPhases = (
				A30E4F7D2B9E3F7400FEC810 /* Sources */,
				A30E4F7E2B9E3F7400FEC810 /* Frameworks */,
				A30E4F7F2B9E3F7400FEC810 /* Resources */,
			);
			buildRules = (
			);
			dependencies = (
				A30E4F832B9E3F7400FEC810 /* PBXTargetDependency */,
			);
			name = onboarding_screenUITests;
			productName = onboarding_screenUITests;
			productReference = A30E4F812B9E3F7400FEC810 /* onboarding_screenUITests.xctest */;
			productType = "com.apple.product-type.bundle.ui-testing";
		};
/* End PBXNativeTarget section */

/* Begin PBXProject section */
		A30E4F5F2B9E3F7200FEC810 /* Project object */ = {
			isa = PBXProject;
			attributes = {
				BuildIndependentTargetsInParallel = 1;
				LastSwiftUpdateCheck = 1530;
				LastUpgradeCheck = 1530;
				TargetAttributes = {
					A30E4F662B9E3F7200FEC810 = {
						CreatedOnToolsVersion = 15.3;
					};
					A30E4F762B9E3F7400FEC810 = {
						CreatedOnToolsVersion = 15.3;
						TestTargetID = A30E4F662B9E3F7200FEC810;
					};
					A30E4F802B9E3F7400FEC810 = {
						CreatedOnToolsVersion = 15.3;
						TestTargetID = A30E4F662B9E3F7200FEC810;
					};
				};
			};
			buildConfigurationList = A30E4F622B9E3F7200FEC810 /* Build configuration list for PBXProject "onboarding_screen" */;
			compatibilityVersion = "Xcode 14.0";
			developmentRegion = en;
			hasScannedForEncodings = 0;
			knownRegions = (
				en,
				Base,
			);
			mainGroup = A30E4F5E2B9E3F7200FEC810;
			productRefGroup = A30E4F682B9E3F7200FEC810 /* Products */;
			projectDirPath = "";
			projectRoot = "";
			targets = (
				A30E4F662B9E3F7200FEC810 /* onboarding_screen */,
				A30E4F762B9E3F7400FEC810 /* onboarding_screenTests */,
				A30E4F802B9E3F7400FEC810 /* onboarding_screenUITests */,
			);
		};
/* End PBXProject section */

/* Begin PBXResourcesBuildPhase section */
		A30E4F652B9E3F7200FEC810 /* Resources */ = {
			isa = PBXResourcesBuildPhase;
			buildActionMask = 2147483647;
			files = (
				A30E4F722B9E3F7400FEC810 /* Preview Assets.xcassets in Resources */,
				A30E4F6F2B9E3F7400FEC810 /* Assets.xcassets in Resources */,
			);
			runOnlyForDeploymentPostprocessing = 0;
		};
		A30E4F752B9E3F7400FEC810 /* Resources */ = {
			isa = PBXResourcesBuildPhase;
			buildActionMask = 2147483647;
			files = (
			);
			runOnlyForDeploymentPostprocessing = 0;
		};
		A30E4F7F2B9E3F7400FEC810 /* Resources */ = {
			isa = PBXResourcesBuildPhase;
			buildActionMask = 2147483647;
			files = (
			);
			runOnlyForDeploymentPostprocessing = 0;
		};
/* End PBXResourcesBuildPhase section */

/* Begin PBXSourcesBuildPhase section */
		A30E4F632B9E3F7200FEC810 /* Sources */ = {
			isa = PBXSourcesBuildPhase;
			buildActionMask = 2147483647;
			files = (
				A30E4F6D2B9E3F7200FEC810 /* ContentView.swift in Sources */,
				A30E4F6B2B9E3F7200FEC810 /* onboarding_screenApp.swift in Sources */,
			);
			runOnlyForDeploymentPostprocessing = 0;
		};
		A30E4F732B9E3F7400FEC810 /* Sources */ = {
			isa = PBXSourcesBuildPhase;
			buildActionMask = 2147483647;
			files = (
				A30E4F7C2B9E3F7400FEC810 /* onboarding_screenTests.swift in Sources */,
			);
			runOnlyForDeploymentPostprocessing = 0;
		};
		A30E4F7D2B9E3F7400FEC810 /* Sources */ = {
			isa = PBXSourcesBuildPhase;
			buildActionMask = 2147483647;
			files = (
				A30E4F862B9E3F7400FEC810 /* onboarding_screenUITests.swift in Sources */,
				A30E4F882B9E3F7400FEC810 /* onboarding_screenUITestsLaunchTests.swift in Sources */,
			);
			runOnlyForDeploymentPostprocessing = 0;
		};
/* End PBXSourcesBuildPhase section */

/* Begin PBXTargetDependency section */
		A30E4F792B9E3F7400FEC810 /* PBXTargetDependency */ = {
			isa = PBXTargetDependency;
			target = A30E4F662B9E3F7200FEC810 /* onboarding_screen */;
			targetProxy = A30E4F782B9E3F7400FEC810 /* PBXContainerItemProxy */;
		};
		A30E4F832B9E3F7400FEC810 /* PBXTargetDependency */ = {
			isa = PBXTargetDependency;
			target = A30E4F662B9E3F7200FEC810 /* onboarding_screen */;
			targetProxy = A30E4F822B9E3F7400FEC810 /* PBXContainerItemProxy */;
		};
/* End PBXTargetDependency section */

/* Begin XCBuildConfiguration section */
		A30E4F892B9E3F7400FEC810 /* Debug */ = {
			isa = XCBuildConfiguration;
			buildSettings = {
				ALWAYS_SEARCH_USER_PATHS = NO;
				ASSETCATALOG_COMPILER_GENERATE_SWIFT_ASSET_SYMBOL_EXTENSIONS = YES;
				CLANG_ANALYZER_NONNULL = YES;
				CLANG_ANALYZER_NUMBER_OBJECT_CONVERSION = YES_AGGRESSIVE;
				CLANG_CXX_LANGUAGE_STANDARD = "gnu++20";
				CLANG_ENABLE_MODULES = YES;
				CLANG_ENABLE_OBJC_ARC = YES;
				CLANG_ENABLE_OBJC_WEAK = YES;
				CLANG_WARN_BLOCK_CAPTURE_AUTORELEASING = YES;
				CLANG_WARN_BOOL_CONVERSION = YES;
				CLANG_WARN_COMMA = YES;
				CLANG_WARN_CONSTANT_CONVERSION = YES;
				CLANG_WARN_DEPRECATED_OBJC_IMPLEMENTATIONS = YES;
				CLANG_WARN_DIRECT_OBJC_ISA_USAGE = YES_ERROR;
				CLANG_WARN_DOCUMENTATION_COMMENTS = YES;
				CLANG_WARN_EMPTY_BODY = YES;
				CLANG_WARN_ENUM_CONVERSION = YES;
				CLANG_WARN_INFINITE_RECURSION = YES;
				CLANG_WARN_INT_CONVERSION = YES;
				CLANG_WARN_NON_LITERAL_NULL_CONVERSION = YES;
				CLANG_WARN_OBJC_IMPLICIT_RETAIN_SELF = YES;
				CLANG_WARN_OBJC_LITERAL_CONVERSION = YES;
				CLANG_WARN_OBJC_ROOT_CLASS = YES_ERROR;
				CLANG_WARN_QUOTED_INCLUDE_IN_FRAMEWORK_HEADER = YES;
				CLANG_WARN_RANGE_LOOP_ANALYSIS = YES;
				CLANG_WARN_STRICT_PROTOTYPES = YES;
				CLANG_WARN_SUSPICIOUS_MOVE = YES;
				CLANG_WARN_UNGUARDED_AVAILABILITY = YES_AGGRESSIVE;
				CLANG_WARN_UNREACHABLE_CODE = YES;
				CLANG_WARN__DUPLICATE_METHOD_MATCH = YES;
				COPY_PHASE_STRIP = NO;
				DEBUG_INFORMATION_FORMAT = dwarf;
				ENABLE_STRICT_OBJC_MSGSEND = YES;
				ENABLE_TESTABILITY = YES;
				ENABLE_USER_SCRIPT_SANDBOXING = YES;
				GCC_C_LANGUAGE_STANDARD = gnu17;
				GCC_DYNAMIC_NO_PIC = NO;
				GCC_NO_COMMON_BLOCKS = YES;
				GCC_OPTIMIZATION_LEVEL = 0;
				GCC_PREPROCESSOR_DEFINITIONS = (
					"DEBUG=1",
					"$(inherited)",
				);
				GCC_WARN_64_TO_32_BIT_CONVERSION = YES;
				GCC_WARN_ABOUT_RETURN_TYPE = YES_ERROR;
				GCC_WARN_UNDECLARED_SELECTOR = YES;
				GCC_WARN_UNINITIALIZED_AUTOS = YES_AGGRESSIVE;
				GCC_WARN_UNUSED_FUNCTION = YES;
				GCC_WARN_UNUSED_VARIABLE = YES;
				IPHONEOS_DEPLOYMENT_TARGET = 17.4;
				LOCALIZATION_PREFERS_STRING_CATALOGS = YES;
				MTL_ENABLE_DEBUG_INFO = INCLUDE_SOURCE;
				MTL_FAST_MATH = YES;
				ONLY_ACTIVE_ARCH = YES;
				SDKROOT = iphoneos;
				SWIFT_ACTIVE_COMPILATION_CONDITIONS = "DEBUG $(inherited)";
				SWIFT_OPTIMIZATION_LEVEL = "-Onone";
			};
			name = Debug;
		};
		A30E4F8A2B9E3F7400FEC810 /* Release */ = {
			isa = XCBuildConfiguration;
			buildSettings = {
				ALWAYS_SEARCH_USER_PATHS = NO;
				ASSETCATALOG_COMPILER_GENERATE_SWIFT_ASSET_SYMBOL_EXTENSIONS = YES;
				CLANG_ANALYZER_NONNULL = YES;
				CLANG_ANALYZER_NUMBER_OBJECT_CONVERSION = YES_AGGRESSIVE;
				CLANG_CXX_LANGUAGE_STANDARD = "gnu++20";
				CLANG_ENABLE_MODULES = YES;
				CLANG_ENABLE_OBJC_ARC = YES;
				CLANG_ENABLE_OBJC_WEAK = YES;
				CLANG_WARN_BLOCK_CAPTURE_AUTORELEASING = YES;
				CLANG_WARN_BOOL_CONVERSION = YES;
				CLANG_WARN_COMMA = YES;
				CLANG_WARN_CONSTANT_CONVERSION = YES;
				CLANG_WARN_DEPRECATED_OBJC_IMPLEMENTATIONS = YES;
				CLANG_WARN_DIRECT_OBJC_ISA_USAGE = YES_ERROR;
				CLANG_WARN_DOCUMENTATION_COMMENTS = YES;
				CLANG_WARN_EMPTY_BODY = YES;
				CLANG_WARN_ENUM_CONVERSION = YES;
				CLANG_WARN_INFINITE_RECURSION = YES;
				CLANG_WARN_INT_CONVERSION = YES;
				CLANG_WARN_NON_LITERAL_NULL_CONVERSION = YES;
				CLANG_WARN_OBJC_IMPLICIT_RETAIN_SELF = YES;
				CLANG_WARN_OBJC_LITERAL_CONVERSION = YES;
				CLANG_WARN_OBJC_ROOT_CLASS = YES_ERROR;
				CLANG_WARN_QUOTED_INCLUDE_IN_FRAMEWORK_HEADER = YES;
				CLANG_WARN_RANGE_LOOP_ANALYSIS = YES;
				CLANG_WARN_STRICT_PROTOTYPES = YES;
				CLANG_WARN_SUSPICIOUS_MOVE = YES;
				CLANG_WARN_UNGUARDED_AVAILABILITY = YES_AGGRESSIVE;
				CLANG_WARN_UNREACHABLE_CODE = YES;
				CLANG_WARN__DUPLICATE_METHOD_MATCH = YES;
				COPY_PHASE_STRIP = NO;
				DEBUG_INFORMATION_FORMAT = "dwarf-with-dsym";
				ENABLE_NS_ASSERTIONS = NO;
				ENABLE_STRICT_OBJC_MSGSEND = YES;
				ENABLE_USER_SCRIPT_SANDBOXING = YES;
				GCC_C_LANGUAGE_STANDARD = gnu17;
				GCC_NO_COMMON_BLOCKS = YES;
				GCC_WARN_64_TO_32_BIT_CONVERSION = YES;
				GCC_WARN_ABOUT_RETURN_TYPE = YES_ERROR;
				GCC_WARN_UNDECLARED_SELECTOR = YES;
				GCC_WARN_UNINITIALIZED_AUTOS = YES_AGGRESSIVE;
				GCC_WARN_UNUSED_FUNCTION = YES;
				GCC_WARN_UNUSED_VARIABLE = YES;
				IPHONEOS_DEPLOYMENT_TARGET = 17.4;
				LOCALIZATION_PREFERS_STRING_CATALOGS = YES;
				MTL_ENABLE_DEBUG_INFO = NO;
				MTL_FAST_MATH = YES;
				SDKROOT = iphoneos;
				SWIFT_COMPILATION_MODE = wholemodule;
				VALIDATE_PRODUCT = YES;
			};
			name = Release;
		};
		A30E4F8C2B9E3F7400FEC810 /* Debug */ = {
			isa = XCBuildConfiguration;
			buildSettings = {
				ASSETCATALOG_COMPILER_APPICON_NAME = AppIcon;
				ASSETCATALOG_COMPILER_GLOBAL_ACCENT_COLOR_NAME = AccentColor;
				CODE_SIGN_STYLE = Automatic;
				CURRENT_PROJECT_VERSION = 1;
				DEVELOPMENT_ASSET_PATHS = "\"onboarding_screen/Preview Content\"";
				DEVELOPMENT_TEAM = 5MM3Y3BU99;
				ENABLE_PREVIEWS = YES;
				GENERATE_INFOPLIST_FILE = YES;
				INFOPLIST_KEY_UIApplicationSceneManifest_Generation = YES;
				INFOPLIST_KEY_UIApplicationSupportsIndirectInputEvents = YES;
				INFOPLIST_KEY_UILaunchScreen_Generation = YES;
				INFOPLIST_KEY_UISupportedInterfaceOrientations_iPad = "UIInterfaceOrientationPortrait UIInterfaceOrientationPortraitUpsideDown UIInterfaceOrientationLandscapeLeft UIInterfaceOrientationLandscapeRight";
				INFOPLIST_KEY_UISupportedInterfaceOrientations_iPhone = "UIInterfaceOrientationPortrait UIInterfaceOrientationLandscapeLeft UIInterfaceOrientationLandscapeRight";
				LD_RUNPATH_SEARCH_PATHS = (
					"$(inherited)",
					"@executable_path/Frameworks",
				);
				MARKETING_VERSION = 1.0;
				PRODUCT_BUNDLE_IDENTIFIER = "com.sagredina.onboarding.onboarding-screen";
				PRODUCT_NAME = "$(TARGET_NAME)";
				SWIFT_EMIT_LOC_STRINGS = YES;
				SWIFT_VERSION = 5.0;
				TARGETED_DEVICE_FAMILY = "1,2";
			};
			name = Debug;
		};
		A30E4F8D2B9E3F7400FEC810 /* Release */ = {
			isa = XCBuildConfiguration;
			buildSettings = {
				ASSETCATALOG_COMPILER_APPICON_NAME = AppIcon;
				ASSETCATALOG_COMPILER_GLOBAL_ACCENT_COLOR_NAME = AccentColor;
				CODE_SIGN_STYLE = Automatic;
				CURRENT_PROJECT_VERSION = 1;
				DEVELOPMENT_ASSET_PATHS = "\"onboarding_screen/Preview Content\"";
				DEVELOPMENT_TEAM = 5MM3Y3BU99;
				ENABLE_PREVIEWS = YES;
				GENERATE_INFOPLIST_FILE = YES;
				INFOPLIST_KEY_UIApplicationSceneManifest_Generation = YES;
				INFOPLIST_KEY_UIApplicationSupportsIndirectInputEvents = YES;
				INFOPLIST_KEY_UILaunchScreen_Generation = YES;
				INFOPLIST_KEY_UISupportedInterfaceOrientations_iPad = "UIInterfaceOrientationPortrait UIInterfaceOrientationPortraitUpsideDown UIInterfaceOrientationLandscapeLeft UIInterfaceOrientationLandscapeRight";
				INFOPLIST_KEY_UISupportedInterfaceOrientations_iPhone = "UIInterfaceOrientationPortrait UIInterfaceOrientationLandscapeLeft UIInterfaceOrientationLandscapeRight";
				LD_RUNPATH_SEARCH_PATHS = (
					"$(inherited)",
					"@executable_path/Frameworks",
				);
				MARKETING_VERSION = 1.0;
				PRODUCT_BUNDLE_IDENTIFIER = "com.sagredina.onboarding.onboarding-screen";
				PRODUCT_NAME = "$(TARGET_NAME)";
				SWIFT_EMIT_LOC_STRINGS = YES;
				SWIFT_VERSION = 5.0;
				TARGETED_DEVICE_FAMILY = "1,2";
			};
			name = Release;
		};
		A30E4F8F2B9E3F7400FEC810 /* Debug */ = {
			isa = XCBuildConfiguration;
			buildSettings = {
				ALWAYS_EMBED_SWIFT_STANDARD_LIBRARIES = YES;
				BUNDLE_LOADER = "$(TEST_HOST)";
				CODE_SIGN_STYLE = Automatic;
				CURRENT_PROJECT_VERSION = 1;
				DEVELOPMENT_TEAM = 5MM3Y3BU99;
				GENERATE_INFOPLIST_FILE = YES;
				IPHONEOS_DEPLOYMENT_TARGET = 17.4;
				MARKETING_VERSION = 1.0;
				PRODUCT_BUNDLE_IDENTIFIER = "com.sagredina.onboarding.onboarding-screenTests";
				PRODUCT_NAME = "$(TARGET_NAME)";
				SWIFT_EMIT_LOC_STRINGS = NO;
				SWIFT_VERSION = 5.0;
				TARGETED_DEVICE_FAMILY = "1,2";
				TEST_HOST = "$(BUILT_PRODUCTS_DIR)/onboarding_screen.app/$(BUNDLE_EXECUTABLE_FOLDER_PATH)/onboarding_screen";
			};
			name = Debug;
		};
		A30E4F902B9E3F7400FEC810 /* Release */ = {
			isa = XCBuildConfiguration;
			buildSettings = {
				ALWAYS_EMBED_SWIFT_STANDARD_LIBRARIES = YES;
				BUNDLE_LOADER = "$(TEST_HOST)";
				CODE_SIGN_STYLE = Automatic;
				CURRENT_PROJECT_VERSION = 1;
				DEVELOPMENT_TEAM = 5MM3Y3BU99;
				GENERATE_INFOPLIST_FILE = YES;
				IPHONEOS_DEPLOYMENT_TARGET = 17.4;
				MARKETING_VERSION = 1.0;
				PRODUCT_BUNDLE_IDENTIFIER = "com.sagredina.onboarding.onboarding-screenTests";
				PRODUCT_NAME = "$(TARGET_NAME)";
				SWIFT_EMIT_LOC_STRINGS = NO;
				SWIFT_VERSION = 5.0;
				TARGETED_DEVICE_FAMILY = "1,2";
				TEST_HOST = "$(BUILT_PRODUCTS_DIR)/onboarding_screen.app/$(BUNDLE_EXECUTABLE_FOLDER_PATH)/onboarding_screen";
			};
			name = Release;
		};
		A30E4F922B9E3F7400FEC810 /* Debug */ = {
			isa = XCBuildConfiguration;
			buildSettings = {
				ALWAYS_EMBED_SWIFT_STANDARD_LIBRARIES = YES;
				CODE_SIGN_STYLE = Automatic;
				CURRENT_PROJECT_VERSION = 1;
				DEVELOPMENT_TEAM = 5MM3Y3BU99;
				GENERATE_INFOPLIST_FILE = YES;
				MARKETING_VERSION = 1.0;
				PRODUCT_BUNDLE_IDENTIFIER = "com.sagredina.onboarding.onboarding-screenUITests";
				PRODUCT_NAME = "$(TARGET_NAME)";
				SWIFT_EMIT_LOC_STRINGS = NO;
				SWIFT_VERSION = 5.0;
				TARGETED_DEVICE_FAMILY = "1,2";
				TEST_TARGET_NAME = onboarding_screen;
			};
			name = Debug;
		};
		A30E4F932B9E3F7400FEC810 /* Release */ = {
			isa = XCBuildConfiguration;
			buildSettings = {
				ALWAYS_EMBED_SWIFT_STANDARD_LIBRARIES = YES;
				CODE_SIGN_STYLE = Automatic;
				CURRENT_PROJECT_VERSION = 1;
				DEVELOPMENT_TEAM = 5MM3Y3BU99;
				GENERATE_INFOPLIST_FILE = YES;
				MARKETING_VERSION = 1.0;
				PRODUCT_BUNDLE_IDENTIFIER = "com.sagredina.onboarding.onboarding-screenUITests";
				PRODUCT_NAME = "$(TARGET_NAME)";
				SWIFT_EMIT_LOC_STRINGS = NO;
				SWIFT_VERSION = 5.0;
				TARGETED_DEVICE_FAMILY = "1,2";
				TEST_TARGET_NAME = onboarding_screen;
			};
			name = Release;
		};
/* End XCBuildConfiguration section */

/* Begin XCConfigurationList section */
		A30E4F622B9E3F7200FEC810 /* Build configuration list for PBXProject "onboarding_screen" */ = {
			isa = XCConfigurationList;
			buildConfigurations = (
				A30E4F892B9E3F7400FEC810 /* Debug */,
				A30E4F8A2B9E3F7400FEC810 /* Release */,
			);
			defaultConfigurationIsVisible = 0;
			defaultConfigurationName = Release;
		};
		A30E4F8B2B9E3F7400FEC810 /* Build configuration list for PBXNativeTarget "onboarding_screen" */ = {
			isa = XCConfigurationList;
			buildConfigurations = (
				A30E4F8C2B9E3F7400FEC810 /* Debug */,
				A30E4F8D2B9E3F7400FEC810 /* Release */,
			);
			defaultConfigurationIsVisible = 0;
			defaultConfigurationName = Release;
		};
		A30E4F8E2B9E3F7400FEC810 /* Build configuration list for PBXNativeTarget "onboarding_screenTests" */ = {
			isa = XCConfigurationList;
			buildConfigurations = (
				A30E4F8F2B9E3F7400FEC810 /* Debug */,
				A30E4F902B9E3F7400FEC810 /* Release */,
			);
			defaultConfigurationIsVisible = 0;
			defaultConfigurationName = Release;
		};
		A30E4F912B9E3F7400FEC810 /* Build configuration list for PBXNativeTarget "onboarding_screenUITests" */ = {
			isa = XCConfigurationList;
			buildConfigurations = (
				A30E4F922B9E3F7400FEC810 /* Debug */,
				A30E4F932B9E3F7400FEC810 /* Release */,
			);
			defaultConfigurationIsVisible = 0;
			defaultConfigurationName = Release;
		};
/* End XCConfigurationList section */
	};
	rootObject = A30E4F5F2B9E3F7200FEC810 /* Project object */;
}
